
Microsoft Visual Studio Solution File, Format Version 12.00
# Visual Studio 15
VisualStudioVersion = 15.0.28307.102
MinimumVisualStudioVersion = 10.0.40219.1
Project("{FAE04EC0-301F-11D3-BF4B-00C04F79EFBC}") = "Sales.Android", "Sales\Sales.Android\Sales.Android.csproj", "{3E713606-9E49-47BC-BEC6-4FCF043E2E3C}"
EndProject
Project("{FAE04EC0-301F-11D3-BF4B-00C04F79EFBC}") = "Sales.iOS", "Sales\Sales.iOS\Sales.iOS.csproj", "{918AEB52-392D-4188-88D0-571E3AC9BAFC}"
EndProject
Project("{FAE04EC0-301F-11D3-BF4B-00C04F79EFBC}") = "Sales.UWP", "Sales\Sales.UWP\Sales.UWP.csproj", "{A9AADDE1-91F0-4170-B17E-C081F610BD29}"
EndProject
Project("{FAE04EC0-301F-11D3-BF4B-00C04F79EFBC}") = "Sales", "Sales\Sales\Sales.csproj", "{66CBE6FA-B03E-4C23-AF48-2197F798820C}"
EndProject
Project("{FAE04EC0-301F-11D3-BF4B-00C04F79EFBC}") = "Sales.Backend", "Sales.Backend\Sales.Backend.csproj", "{E8E362C4-B0A4-4FAC-B9E8-DCA1400879D5}"
EndProject
Project("{FAE04EC0-301F-11D3-BF4B-00C04F79EFBC}") = "Sales.API", "Sales.API\Sales.API.csproj", "{5AC97C8E-0380-40C5-B140-0F6D576546C6}"
EndProject
Project("{FAE04EC0-301F-11D3-BF4B-00C04F79EFBC}") = "Sales.Domain", "Sales.Domain\Sales.Domain.csproj", "{0EC62BDB-06D2-43D7-8DE2-D3B7140D424D}"
EndProject
Project("{FAE04EC0-301F-11D3-BF4B-00C04F79EFBC}") = "Sales.Common", "Sales.Common\Sales.Common.csproj", "{346858C7-1479-45D1-B4D1-A5D06D86E4EB}"
EndProject
Global
	GlobalSection(SolutionConfigurationPlatforms) = preSolution
		Ad-Hoc|Any CPU = Ad-Hoc|Any CPU
		Ad-Hoc|ARM = Ad-Hoc|ARM
		Ad-Hoc|iPhone = Ad-Hoc|iPhone
		Ad-Hoc|iPhoneSimulator = Ad-Hoc|iPhoneSimulator
		Ad-Hoc|x64 = Ad-Hoc|x64
		Ad-Hoc|x86 = Ad-Hoc|x86
		AppStore|Any CPU = AppStore|Any CPU
		AppStore|ARM = AppStore|ARM
		AppStore|iPhone = AppStore|iPhone
		AppStore|iPhoneSimulator = AppStore|iPhoneSimulator
		AppStore|x64 = AppStore|x64
		AppStore|x86 = AppStore|x86
		Debug|Any CPU = Debug|Any CPU
		Debug|ARM = Debug|ARM
		Debug|iPhone = Debug|iPhone
		Debug|iPhoneSimulator = Debug|iPhoneSimulator
		Debug|x64 = Debug|x64
		Debug|x86 = Debug|x86
		Release|Any CPU = Release|Any CPU
		Release|ARM = Release|ARM
		Release|iPhone = Release|iPhone
		Release|iPhoneSimulator = Release|iPhoneSimulator
		Release|x64 = Release|x64
		Release|x86 = Release|x86
	EndGlobalSection
	GlobalSection(ProjectConfigurationPlatforms) = postSolution
		{3E713606-9E49-47BC-BEC6-4FCF043E2E3C}.Ad-Hoc|Any CPU.ActiveCfg = Release|Any CPU
		{3E713606-9E49-47BC-BEC6-4FCF043E2E3C}.Ad-Hoc|Any CPU.Build.0 = Release|Any CPU
		{3E713606-9E49-47BC-BEC6-4FCF043E2E3C}.Ad-Hoc|Any CPU.Deploy.0 = Release|Any CPU
		{3E713606-9E49-47BC-BEC6-4FCF043E2E3C}.Ad-Hoc|ARM.ActiveCfg = Release|Any CPU
		{3E713606-9E49-47BC-BEC6-4FCF043E2E3C}.Ad-Hoc|ARM.Build.0 = Release|Any CPU
		{3E713606-9E49-47BC-BEC6-4FCF043E2E3C}.Ad-Hoc|ARM.Deploy.0 = Release|Any CPU
		{3E713606-9E49-47BC-BEC6-4FCF043E2E3C}.Ad-Hoc|iPhone.ActiveCfg = Release|Any CPU
		{3E713606-9E49-47BC-BEC6-4FCF043E2E3C}.Ad-Hoc|iPhone.Build.0 = Release|Any CPU
		{3E713606-9E49-47BC-BEC6-4FCF043E2E3C}.Ad-Hoc|iPhone.Deploy.0 = Release|Any CPU
		{3E713606-9E49-47BC-BEC6-4FCF043E2E3C}.Ad-Hoc|iPhoneSimulator.ActiveCfg = Release|Any CPU
		{3E713606-9E49-47BC-BEC6-4FCF043E2E3C}.Ad-Hoc|iPhoneSimulator.Build.0 = Release|Any CPU
		{3E713606-9E49-47BC-BEC6-4FCF043E2E3C}.Ad-Hoc|iPhoneSimulator.Deploy.0 = Release|Any CPU
		{3E713606-9E49-47BC-BEC6-4FCF043E2E3C}.Ad-Hoc|x64.ActiveCfg = Release|Any CPU
		{3E713606-9E49-47BC-BEC6-4FCF043E2E3C}.Ad-Hoc|x64.Build.0 = Release|Any CPU
		{3E713606-9E49-47BC-BEC6-4FCF043E2E3C}.Ad-Hoc|x64.Deploy.0 = Release|Any CPU
		{3E713606-9E49-47BC-BEC6-4FCF043E2E3C}.Ad-Hoc|x86.ActiveCfg = Release|Any CPU
		{3E713606-9E49-47BC-BEC6-4FCF043E2E3C}.Ad-Hoc|x86.Build.0 = Release|Any CPU
		{3E713606-9E49-47BC-BEC6-4FCF043E2E3C}.Ad-Hoc|x86.Deploy.0 = Release|Any CPU
		{3E713606-9E49-47BC-BEC6-4FCF043E2E3C}.AppStore|Any CPU.ActiveCfg = Release|Any CPU
		{3E713606-9E49-47BC-BEC6-4FCF043E2E3C}.AppStore|Any CPU.Build.0 = Release|Any CPU
		{3E713606-9E49-47BC-BEC6-4FCF043E2E3C}.AppStore|Any CPU.Deploy.0 = Release|Any CPU
		{3E713606-9E49-47BC-BEC6-4FCF043E2E3C}.AppStore|ARM.ActiveCfg = Release|Any CPU
		{3E713606-9E49-47BC-BEC6-4FCF043E2E3C}.AppStore|ARM.Build.0 = Release|Any CPU
		{3E713606-9E49-47BC-BEC6-4FCF043E2E3C}.AppStore|ARM.Deploy.0 = Release|Any CPU
		{3E713606-9E49-47BC-BEC6-4FCF043E2E3C}.AppStore|iPhone.ActiveCfg = Release|Any CPU
		{3E713606-9E49-47BC-BEC6-4FCF043E2E3C}.AppStore|iPhone.Build.0 = Release|Any CPU
		{3E713606-9E49-47BC-BEC6-4FCF043E2E3C}.AppStore|iPhone.Deploy.0 = Release|Any CPU
		{3E713606-9E49-47BC-BEC6-4FCF043E2E3C}.AppStore|iPhoneSimulator.ActiveCfg = Release|Any CPU
		{3E713606-9E49-47BC-BEC6-4FCF043E2E3C}.AppStore|iPhoneSimulator.Build.0 = Release|Any CPU
		{3E713606-9E49-47BC-BEC6-4FCF043E2E3C}.AppStore|iPhoneSimulator.Deploy.0 = Release|Any CPU
		{3E713606-9E49-47BC-BEC6-4FCF043E2E3C}.AppStore|x64.ActiveCfg = Release|Any CPU
		{3E713606-9E49-47BC-BEC6-4FCF043E2E3C}.AppStore|x64.Build.0 = Release|Any CPU
		{3E713606-9E49-47BC-BEC6-4FCF043E2E3C}.AppStore|x64.Deploy.0 = Release|Any CPU
		{3E713606-9E49-47BC-BEC6-4FCF043E2E3C}.AppStore|x86.ActiveCfg = Release|Any CPU
		{3E713606-9E49-47BC-BEC6-4FCF043E2E3C}.AppStore|x86.Build.0 = Release|Any CPU
		{3E713606-9E49-47BC-BEC6-4FCF043E2E3C}.AppStore|x86.Deploy.0 = Release|Any CPU
		{3E713606-9E49-47BC-BEC6-4FCF043E2E3C}.Debug|Any CPU.ActiveCfg = Debug|Any CPU
		{3E713606-9E49-47BC-BEC6-4FCF043E2E3C}.Debug|Any CPU.Build.0 = Debug|Any CPU
		{3E713606-9E49-47BC-BEC6-4FCF043E2E3C}.Debug|Any CPU.Deploy.0 = Debug|Any CPU
		{3E713606-9E49-47BC-BEC6-4FCF043E2E3C}.Debug|ARM.ActiveCfg = Debug|Any CPU
		{3E713606-9E49-47BC-BEC6-4FCF043E2E3C}.Debug|ARM.Build.0 = Debug|Any CPU
		{3E713606-9E49-47BC-BEC6-4FCF043E2E3C}.Debug|ARM.Deploy.0 = Debug|Any CPU
		{3E713606-9E49-47BC-BEC6-4FCF043E2E3C}.Debug|iPhone.ActiveCfg = Debug|Any CPU
		{3E713606-9E49-47BC-BEC6-4FCF043E2E3C}.Debug|iPhone.Build.0 = Debug|Any CPU
		{3E713606-9E49-47BC-BEC6-4FCF043E2E3C}.Debug|iPhone.Deploy.0 = Debug|Any CPU
		{3E713606-9E49-47BC-BEC6-4FCF043E2E3C}.Debug|iPhoneSimulator.ActiveCfg = Debug|Any CPU
		{3E713606-9E49-47BC-BEC6-4FCF043E2E3C}.Debug|iPhoneSimulator.Build.0 = Debug|Any CPU
		{3E713606-9E49-47BC-BEC6-4FCF043E2E3C}.Debug|iPhoneSimulator.Deploy.0 = Debug|Any CPU
		{3E713606-9E49-47BC-BEC6-4FCF043E2E3C}.Debug|x64.ActiveCfg = Debug|Any CPU
		{3E713606-9E49-47BC-BEC6-4FCF043E2E3C}.Debug|x64.Build.0 = Debug|Any CPU
		{3E713606-9E49-47BC-BEC6-4FCF043E2E3C}.Debug|x64.Deploy.0 = Debug|Any CPU
		{3E713606-9E49-47BC-BEC6-4FCF043E2E3C}.Debug|x86.ActiveCfg = Debug|Any CPU
		{3E713606-9E49-47BC-BEC6-4FCF043E2E3C}.Debug|x86.Build.0 = Debug|Any CPU
		{3E713606-9E49-47BC-BEC6-4FCF043E2E3C}.Debug|x86.Deploy.0 = Debug|Any CPU
		{3E713606-9E49-47BC-BEC6-4FCF043E2E3C}.Release|Any CPU.ActiveCfg = Release|Any CPU
		{3E713606-9E49-47BC-BEC6-4FCF043E2E3C}.Release|Any CPU.Build.0 = Release|Any CPU
		{3E713606-9E49-47BC-BEC6-4FCF043E2E3C}.Release|Any CPU.Deploy.0 = Release|Any CPU
		{3E713606-9E49-47BC-BEC6-4FCF043E2E3C}.Release|ARM.ActiveCfg = Release|Any CPU
		{3E713606-9E49-47BC-BEC6-4FCF043E2E3C}.Release|ARM.Build.0 = Release|Any CPU
		{3E713606-9E49-47BC-BEC6-4FCF043E2E3C}.Release|ARM.Deploy.0 = Release|Any CPU
		{3E713606-9E49-47BC-BEC6-4FCF043E2E3C}.Release|iPhone.ActiveCfg = Release|Any CPU
		{3E713606-9E49-47BC-BEC6-4FCF043E2E3C}.Release|iPhone.Build.0 = Release|Any CPU
		{3E713606-9E49-47BC-BEC6-4FCF043E2E3C}.Release|iPhone.Deploy.0 = Release|Any CPU
		{3E713606-9E49-47BC-BEC6-4FCF043E2E3C}.Release|iPhoneSimulator.ActiveCfg = Release|Any CPU
		{3E713606-9E49-47BC-BEC6-4FCF043E2E3C}.Release|iPhoneSimulator.Build.0 = Release|Any CPU
		{3E713606-9E49-47BC-BEC6-4FCF043E2E3C}.Release|iPhoneSimulator.Deploy.0 = Release|Any CPU
		{3E713606-9E49-47BC-BEC6-4FCF043E2E3C}.Release|x64.ActiveCfg = Release|Any CPU
		{3E713606-9E49-47BC-BEC6-4FCF043E2E3C}.Release|x64.Build.0 = Release|Any CPU
		{3E713606-9E49-47BC-BEC6-4FCF043E2E3C}.Release|x64.Deploy.0 = Release|Any CPU
		{3E713606-9E49-47BC-BEC6-4FCF043E2E3C}.Release|x86.ActiveCfg = Release|Any CPU
		{3E713606-9E49-47BC-BEC6-4FCF043E2E3C}.Release|x86.Build.0 = Release|Any CPU
		{3E713606-9E49-47BC-BEC6-4FCF043E2E3C}.Release|x86.Deploy.0 = Release|Any CPU
		{918AEB52-392D-4188-88D0-571E3AC9BAFC}.Ad-Hoc|Any CPU.ActiveCfg = Ad-Hoc|iPhone
		{918AEB52-392D-4188-88D0-571E3AC9BAFC}.Ad-Hoc|Any CPU.Build.0 = Ad-Hoc|iPhone
		{918AEB52-392D-4188-88D0-571E3AC9BAFC}.Ad-Hoc|Any CPU.Deploy.0 = Ad-Hoc|iPhone
		{918AEB52-392D-4188-88D0-571E3AC9BAFC}.Ad-Hoc|ARM.ActiveCfg = Ad-Hoc|iPhone
		{918AEB52-392D-4188-88D0-571E3AC9BAFC}.Ad-Hoc|ARM.Build.0 = Ad-Hoc|iPhone
		{918AEB52-392D-4188-88D0-571E3AC9BAFC}.Ad-Hoc|ARM.Deploy.0 = Ad-Hoc|iPhone
		{918AEB52-392D-4188-88D0-571E3AC9BAFC}.Ad-Hoc|iPhone.ActiveCfg = Ad-Hoc|iPhone
		{918AEB52-392D-4188-88D0-571E3AC9BAFC}.Ad-Hoc|iPhone.Build.0 = Ad-Hoc|iPhone
		{918AEB52-392D-4188-88D0-571E3AC9BAFC}.Ad-Hoc|iPhone.Deploy.0 = Ad-Hoc|iPhone
		{918AEB52-392D-4188-88D0-571E3AC9BAFC}.Ad-Hoc|iPhoneSimulator.ActiveCfg = Ad-Hoc|iPhoneSimulator
		{918AEB52-392D-4188-88D0-571E3AC9BAFC}.Ad-Hoc|iPhoneSimulator.Build.0 = Ad-Hoc|iPhoneSimulator
		{918AEB52-392D-4188-88D0-571E3AC9BAFC}.Ad-Hoc|iPhoneSimulator.Deploy.0 = Ad-Hoc|iPhoneSimulator
		{918AEB52-392D-4188-88D0-571E3AC9BAFC}.Ad-Hoc|x64.ActiveCfg = Ad-Hoc|iPhone
		{918AEB52-392D-4188-88D0-571E3AC9BAFC}.Ad-Hoc|x64.Build.0 = Ad-Hoc|iPhone
		{918AEB52-392D-4188-88D0-571E3AC9BAFC}.Ad-Hoc|x64.Deploy.0 = Ad-Hoc|iPhone
		{918AEB52-392D-4188-88D0-571E3AC9BAFC}.Ad-Hoc|x86.ActiveCfg = Ad-Hoc|iPhone
		{918AEB52-392D-4188-88D0-571E3AC9BAFC}.Ad-Hoc|x86.Build.0 = Ad-Hoc|iPhone
		{918AEB52-392D-4188-88D0-571E3AC9BAFC}.Ad-Hoc|x86.Deploy.0 = Ad-Hoc|iPhone
		{918AEB52-392D-4188-88D0-571E3AC9BAFC}.AppStore|Any CPU.ActiveCfg = AppStore|iPhone
		{918AEB52-392D-4188-88D0-571E3AC9BAFC}.AppStore|Any CPU.Build.0 = AppStore|iPhone
		{918AEB52-392D-4188-88D0-571E3AC9BAFC}.AppStore|Any CPU.Deploy.0 = AppStore|iPhone
		{918AEB52-392D-4188-88D0-571E3AC9BAFC}.AppStore|ARM.ActiveCfg = AppStore|iPhone
		{918AEB52-392D-4188-88D0-571E3AC9BAFC}.AppStore|ARM.Build.0 = AppStore|iPhone
		{918AEB52-392D-4188-88D0-571E3AC9BAFC}.AppStore|ARM.Deploy.0 = AppStore|iPhone
		{918AEB52-392D-4188-88D0-571E3AC9BAFC}.AppStore|iPhone.ActiveCfg = AppStore|iPhone
		{918AEB52-392D-4188-88D0-571E3AC9BAFC}.AppStore|iPhone.Build.0 = AppStore|iPhone
		{918AEB52-392D-4188-88D0-571E3AC9BAFC}.AppStore|iPhone.Deploy.0 = AppStore|iPhone
		{918AEB52-392D-4188-88D0-571E3AC9BAFC}.AppStore|iPhoneSimulator.ActiveCfg = AppStore|iPhoneSimulator
		{918AEB52-392D-4188-88D0-571E3AC9BAFC}.AppStore|iPhoneSimulator.Build.0 = AppStore|iPhoneSimulator
		{918AEB52-392D-4188-88D0-571E3AC9BAFC}.AppStore|iPhoneSimulator.Deploy.0 = AppStore|iPhoneSimulator
		{918AEB52-392D-4188-88D0-571E3AC9BAFC}.AppStore|x64.ActiveCfg = AppStore|iPhone
		{918AEB52-392D-4188-88D0-571E3AC9BAFC}.AppStore|x64.Build.0 = AppStore|iPhone
		{918AEB52-392D-4188-88D0-571E3AC9BAFC}.AppStore|x64.Deploy.0 = AppStore|iPhone
		{918AEB52-392D-4188-88D0-571E3AC9BAFC}.AppStore|x86.ActiveCfg = AppStore|iPhone
		{918AEB52-392D-4188-88D0-571E3AC9BAFC}.AppStore|x86.Build.0 = AppStore|iPhone
		{918AEB52-392D-4188-88D0-571E3AC9BAFC}.AppStore|x86.Deploy.0 = AppStore|iPhone
		{918AEB52-392D-4188-88D0-571E3AC9BAFC}.Debug|Any CPU.ActiveCfg = Debug|iPhoneSimulator
		{918AEB52-392D-4188-88D0-571E3AC9BAFC}.Debug|Any CPU.Build.0 = Debug|iPhoneSimulator
		{918AEB52-392D-4188-88D0-571E3AC9BAFC}.Debug|Any CPU.Deploy.0 = Debug|iPhoneSimulator
		{918AEB52-392D-4188-88D0-571E3AC9BAFC}.Debug|ARM.ActiveCfg = Debug|iPhone
		{918AEB52-392D-4188-88D0-571E3AC9BAFC}.Debug|ARM.Build.0 = Debug|iPhone
		{918AEB52-392D-4188-88D0-571E3AC9BAFC}.Debug|ARM.Deploy.0 = Debug|iPhone
		{918AEB52-392D-4188-88D0-571E3AC9BAFC}.Debug|iPhone.ActiveCfg = Debug|iPhone
		{918AEB52-392D-4188-88D0-571E3AC9BAFC}.Debug|iPhone.Build.0 = Debug|iPhone
		{918AEB52-392D-4188-88D0-571E3AC9BAFC}.Debug|iPhone.Deploy.0 = Debug|iPhone
		{918AEB52-392D-4188-88D0-571E3AC9BAFC}.Debug|iPhoneSimulator.ActiveCfg = Debug|iPhoneSimulator
		{918AEB52-392D-4188-88D0-571E3AC9BAFC}.Debug|iPhoneSimulator.Build.0 = Debug|iPhoneSimulator
		{918AEB52-392D-4188-88D0-571E3AC9BAFC}.Debug|iPhoneSimulator.Deploy.0 = Debug|iPhoneSimulator
		{918AEB52-392D-4188-88D0-571E3AC9BAFC}.Debug|x64.ActiveCfg = Debug|iPhone
		{918AEB52-392D-4188-88D0-571E3AC9BAFC}.Debug|x64.Build.0 = Debug|iPhone
		{918AEB52-392D-4188-88D0-571E3AC9BAFC}.Debug|x64.Deploy.0 = Debug|iPhone
		{918AEB52-392D-4188-88D0-571E3AC9BAFC}.Debug|x86.ActiveCfg = Debug|iPhone
		{918AEB52-392D-4188-88D0-571E3AC9BAFC}.Debug|x86.Build.0 = Debug|iPhone
		{918AEB52-392D-4188-88D0-571E3AC9BAFC}.Debug|x86.Deploy.0 = Debug|iPhone
		{918AEB52-392D-4188-88D0-571E3AC9BAFC}.Release|Any CPU.ActiveCfg = Release|iPhone
		{918AEB52-392D-4188-88D0-571E3AC9BAFC}.Release|Any CPU.Build.0 = Release|iPhone
		{918AEB52-392D-4188-88D0-571E3AC9BAFC}.Release|Any CPU.Deploy.0 = Release|iPhone
		{918AEB52-392D-4188-88D0-571E3AC9BAFC}.Release|ARM.ActiveCfg = Release|iPhone
		{918AEB52-392D-4188-88D0-571E3AC9BAFC}.Release|ARM.Build.0 = Release|iPhone
		{918AEB52-392D-4188-88D0-571E3AC9BAFC}.Release|ARM.Deploy.0 = Release|iPhone
		{918AEB52-392D-4188-88D0-571E3AC9BAFC}.Release|iPhone.ActiveCfg = Release|iPhone
		{918AEB52-392D-4188-88D0-571E3AC9BAFC}.Release|iPhone.Build.0 = Release|iPhone
		{918AEB52-392D-4188-88D0-571E3AC9BAFC}.Release|iPhone.Deploy.0 = Release|iPhone
		{918AEB52-392D-4188-88D0-571E3AC9BAFC}.Release|iPhoneSimulator.ActiveCfg = Release|iPhoneSimulator
		{918AEB52-392D-4188-88D0-571E3AC9BAFC}.Release|iPhoneSimulator.Build.0 = Release|iPhoneSimulator
		{918AEB52-392D-4188-88D0-571E3AC9BAFC}.Release|iPhoneSimulator.Deploy.0 = Release|iPhoneSimulator
		{918AEB52-392D-4188-88D0-571E3AC9BAFC}.Release|x64.ActiveCfg = Release|iPhone
		{918AEB52-392D-4188-88D0-571E3AC9BAFC}.Release|x64.Build.0 = Release|iPhone
		{918AEB52-392D-4188-88D0-571E3AC9BAFC}.Release|x64.Deploy.0 = Release|iPhone
		{918AEB52-392D-4188-88D0-571E3AC9BAFC}.Release|x86.ActiveCfg = Release|iPhone
		{918AEB52-392D-4188-88D0-571E3AC9BAFC}.Release|x86.Build.0 = Release|iPhone
		{918AEB52-392D-4188-88D0-571E3AC9BAFC}.Release|x86.Deploy.0 = Release|iPhone
		{A9AADDE1-91F0-4170-B17E-C081F610BD29}.Ad-Hoc|Any CPU.ActiveCfg = Release|x86
		{A9AADDE1-91F0-4170-B17E-C081F610BD29}.Ad-Hoc|Any CPU.Build.0 = Release|x86
		{A9AADDE1-91F0-4170-B17E-C081F610BD29}.Ad-Hoc|Any CPU.Deploy.0 = Release|x86
		{A9AADDE1-91F0-4170-B17E-C081F610BD29}.Ad-Hoc|ARM.ActiveCfg = Release|ARM
		{A9AADDE1-91F0-4170-B17E-C081F610BD29}.Ad-Hoc|ARM.Build.0 = Release|ARM
		{A9AADDE1-91F0-4170-B17E-C081F610BD29}.Ad-Hoc|ARM.Deploy.0 = Release|ARM
		{A9AADDE1-91F0-4170-B17E-C081F610BD29}.Ad-Hoc|iPhone.ActiveCfg = Release|x86
		{A9AADDE1-91F0-4170-B17E-C081F610BD29}.Ad-Hoc|iPhone.Build.0 = Release|x86
		{A9AADDE1-91F0-4170-B17E-C081F610BD29}.Ad-Hoc|iPhone.Deploy.0 = Release|x86
		{A9AADDE1-91F0-4170-B17E-C081F610BD29}.Ad-Hoc|iPhoneSimulator.ActiveCfg = Release|x86
		{A9AADDE1-91F0-4170-B17E-C081F610BD29}.Ad-Hoc|iPhoneSimulator.Build.0 = Release|x86
		{A9AADDE1-91F0-4170-B17E-C081F610BD29}.Ad-Hoc|iPhoneSimulator.Deploy.0 = Release|x86
		{A9AADDE1-91F0-4170-B17E-C081F610BD29}.Ad-Hoc|x64.ActiveCfg = Release|x64
		{A9AADDE1-91F0-4170-B17E-C081F610BD29}.Ad-Hoc|x64.Build.0 = Release|x64
		{A9AADDE1-91F0-4170-B17E-C081F610BD29}.Ad-Hoc|x64.Deploy.0 = Release|x64
		{A9AADDE1-91F0-4170-B17E-C081F610BD29}.Ad-Hoc|x86.ActiveCfg = Release|x86
		{A9AADDE1-91F0-4170-B17E-C081F610BD29}.Ad-Hoc|x86.Build.0 = Release|x86
		{A9AADDE1-91F0-4170-B17E-C081F610BD29}.Ad-Hoc|x86.Deploy.0 = Release|x86
		{A9AADDE1-91F0-4170-B17E-C081F610BD29}.AppStore|Any CPU.ActiveCfg = Release|x86
		{A9AADDE1-91F0-4170-B17E-C081F610BD29}.AppStore|Any CPU.Build.0 = Release|x86
		{A9AADDE1-91F0-4170-B17E-C081F610BD29}.AppStore|Any CPU.Deploy.0 = Release|x86
		{A9AADDE1-91F0-4170-B17E-C081F610BD29}.AppStore|ARM.ActiveCfg = Release|ARM
		{A9AADDE1-91F0-4170-B17E-C081F610BD29}.AppStore|ARM.Build.0 = Release|ARM
		{A9AADDE1-91F0-4170-B17E-C081F610BD29}.AppStore|ARM.Deploy.0 = Release|ARM
		{A9AADDE1-91F0-4170-B17E-C081F610BD29}.AppStore|iPhone.ActiveCfg = Release|x86
		{A9AADDE1-91F0-4170-B17E-C081F610BD29}.AppStore|iPhone.Build.0 = Release|x86
		{A9AADDE1-91F0-4170-B17E-C081F610BD29}.AppStore|iPhone.Deploy.0 = Release|x86
		{A9AADDE1-91F0-4170-B17E-C081F610BD29}.AppStore|iPhoneSimulator.ActiveCfg = Release|x86
		{A9AADDE1-91F0-4170-B17E-C081F610BD29}.AppStore|iPhoneSimulator.Build.0 = Release|x86
		{A9AADDE1-91F0-4170-B17E-C081F610BD29}.AppStore|iPhoneSimulator.Deploy.0 = Release|x86
		{A9AADDE1-91F0-4170-B17E-C081F610BD29}.AppStore|x64.ActiveCfg = Release|x64
		{A9AADDE1-91F0-4170-B17E-C081F610BD29}.AppStore|x64.Build.0 = Release|x64
		{A9AADDE1-91F0-4170-B17E-C081F610BD29}.AppStore|x64.Deploy.0 = Release|x64
		{A9AADDE1-91F0-4170-B17E-C081F610BD29}.AppStore|x86.ActiveCfg = Release|x86
		{A9AADDE1-91F0-4170-B17E-C081F610BD29}.AppStore|x86.Build.0 = Release|x86
		{A9AADDE1-91F0-4170-B17E-C081F610BD29}.AppStore|x86.Deploy.0 = Release|x86
		{A9AADDE1-91F0-4170-B17E-C081F610BD29}.Debug|Any CPU.ActiveCfg = Debug|x86
		{A9AADDE1-91F0-4170-B17E-C081F610BD29}.Debug|Any CPU.Build.0 = Debug|x86
		{A9AADDE1-91F0-4170-B17E-C081F610BD29}.Debug|Any CPU.Deploy.0 = Debug|x86
		{A9AADDE1-91F0-4170-B17E-C081F610BD29}.Debug|ARM.ActiveCfg = Debug|ARM
		{A9AADDE1-91F0-4170-B17E-C081F610BD29}.Debug|ARM.Build.0 = Debug|ARM
		{A9AADDE1-91F0-4170-B17E-C081F610BD29}.Debug|ARM.Deploy.0 = Debug|ARM
		{A9AADDE1-91F0-4170-B17E-C081F610BD29}.Debug|iPhone.ActiveCfg = Debug|x86
		{A9AADDE1-91F0-4170-B17E-C081F610BD29}.Debug|iPhone.Build.0 = Debug|x86
		{A9AADDE1-91F0-4170-B17E-C081F610BD29}.Debug|iPhone.Deploy.0 = Debug|x86
		{A9AADDE1-91F0-4170-B17E-C081F610BD29}.Debug|iPhoneSimulator.ActiveCfg = Debug|x86
		{A9AADDE1-91F0-4170-B17E-C081F610BD29}.Debug|iPhoneSimulator.Build.0 = Debug|x86
		{A9AADDE1-91F0-4170-B17E-C081F610BD29}.Debug|iPhoneSimulator.Deploy.0 = Debug|x86
		{A9AADDE1-91F0-4170-B17E-C081F610BD29}.Debug|x64.ActiveCfg = Debug|x64
		{A9AADDE1-91F0-4170-B17E-C081F610BD29}.Debug|x64.Build.0 = Debug|x64
		{A9AADDE1-91F0-4170-B17E-C081F610BD29}.Debug|x64.Deploy.0 = Debug|x64
		{A9AADDE1-91F0-4170-B17E-C081F610BD29}.Debug|x86.ActiveCfg = Debug|x86
		{A9AADDE1-91F0-4170-B17E-C081F610BD29}.Debug|x86.Build.0 = Debug|x86
		{A9AADDE1-91F0-4170-B17E-C081F610BD29}.Debug|x86.Deploy.0 = Debug|x86
		{A9AADDE1-91F0-4170-B17E-C081F610BD29}.Release|Any CPU.ActiveCfg = Release|x86
		{A9AADDE1-91F0-4170-B17E-C081F610BD29}.Release|Any CPU.Build.0 = Release|x86
		{A9AADDE1-91F0-4170-B17E-C081F610BD29}.Release|Any CPU.Deploy.0 = Release|x86
		{A9AADDE1-91F0-4170-B17E-C081F610BD29}.Release|ARM.ActiveCfg = Release|ARM
		{A9AADDE1-91F0-4170-B17E-C081F610BD29}.Release|ARM.Build.0 = Release|ARM
		{A9AADDE1-91F0-4170-B17E-C081F610BD29}.Release|ARM.Deploy.0 = Release|ARM
		{A9AADDE1-91F0-4170-B17E-C081F610BD29}.Release|iPhone.ActiveCfg = Release|x86
		{A9AADDE1-91F0-4170-B17E-C081F610BD29}.Release|iPhone.Build.0 = Release|x86
		{A9AADDE1-91F0-4170-B17E-C081F610BD29}.Release|iPhone.Deploy.0 = Release|x86
		{A9AADDE1-91F0-4170-B17E-C081F610BD29}.Release|iPhoneSimulator.ActiveCfg = Release|x86
		{A9AADDE1-91F0-4170-B17E-C081F610BD29}.Release|iPhoneSimulator.Build.0 = Release|x86
		{A9AADDE1-91F0-4170-B17E-C081F610BD29}.Release|iPhoneSimulator.Deploy.0 = Release|x86
		{A9AADDE1-91F0-4170-B17E-C081F610BD29}.Release|x64.ActiveCfg = Release|x64
		{A9AADDE1-91F0-4170-B17E-C081F610BD29}.Release|x64.Build.0 = Release|x64
		{A9AADDE1-91F0-4170-B17E-C081F610BD29}.Release|x64.Deploy.0 = Release|x64
		{A9AADDE1-91F0-4170-B17E-C081F610BD29}.Release|x86.ActiveCfg = Release|x86
		{A9AADDE1-91F0-4170-B17E-C081F610BD29}.Release|x86.Build.0 = Release|x86
		{A9AADDE1-91F0-4170-B17E-C081F610BD29}.Release|x86.Deploy.0 = Release|x86
		{66CBE6FA-B03E-4C23-AF48-2197F798820C}.Ad-Hoc|Any CPU.ActiveCfg = Debug|Any CPU
		{66CBE6FA-B03E-4C23-AF48-2197F798820C}.Ad-Hoc|Any CPU.Build.0 = Debug|Any CPU
		{66CBE6FA-B03E-4C23-AF48-2197F798820C}.Ad-Hoc|Any CPU.Deploy.0 = Debug|Any CPU
		{66CBE6FA-B03E-4C23-AF48-2197F798820C}.Ad-Hoc|ARM.ActiveCfg = Debug|Any CPU
		{66CBE6FA-B03E-4C23-AF48-2197F798820C}.Ad-Hoc|ARM.Build.0 = Debug|Any CPU
		{66CBE6FA-B03E-4C23-AF48-2197F798820C}.Ad-Hoc|ARM.Deploy.0 = Debug|Any CPU
		{66CBE6FA-B03E-4C23-AF48-2197F798820C}.Ad-Hoc|iPhone.ActiveCfg = Debug|Any CPU
		{66CBE6FA-B03E-4C23-AF48-2197F798820C}.Ad-Hoc|iPhone.Build.0 = Debug|Any CPU
		{66CBE6FA-B03E-4C23-AF48-2197F798820C}.Ad-Hoc|iPhone.Deploy.0 = Debug|Any CPU
		{66CBE6FA-B03E-4C23-AF48-2197F798820C}.Ad-Hoc|iPhoneSimulator.ActiveCfg = Debug|Any CPU
		{66CBE6FA-B03E-4C23-AF48-2197F798820C}.Ad-Hoc|iPhoneSimulator.Build.0 = Debug|Any CPU
		{66CBE6FA-B03E-4C23-AF48-2197F798820C}.Ad-Hoc|iPhoneSimulator.Deploy.0 = Debug|Any CPU
		{66CBE6FA-B03E-4C23-AF48-2197F798820C}.Ad-Hoc|x64.ActiveCfg = Debug|Any CPU
		{66CBE6FA-B03E-4C23-AF48-2197F798820C}.Ad-Hoc|x64.Build.0 = Debug|Any CPU
		{66CBE6FA-B03E-4C23-AF48-2197F798820C}.Ad-Hoc|x64.Deploy.0 = Debug|Any CPU
		{66CBE6FA-B03E-4C23-AF48-2197F798820C}.Ad-Hoc|x86.ActiveCfg = Debug|Any CPU
		{66CBE6FA-B03E-4C23-AF48-2197F798820C}.Ad-Hoc|x86.Build.0 = Debug|Any CPU
		{66CBE6FA-B03E-4C23-AF48-2197F798820C}.Ad-Hoc|x86.Deploy.0 = Debug|Any CPU
		{66CBE6FA-B03E-4C23-AF48-2197F798820C}.AppStore|Any CPU.ActiveCfg = Debug|Any CPU
		{66CBE6FA-B03E-4C23-AF48-2197F798820C}.AppStore|Any CPU.Build.0 = Debug|Any CPU
		{66CBE6FA-B03E-4C23-AF48-2197F798820C}.AppStore|Any CPU.Deploy.0 = Debug|Any CPU
		{66CBE6FA-B03E-4C23-AF48-2197F798820C}.AppStore|ARM.ActiveCfg = Debug|Any CPU
		{66CBE6FA-B03E-4C23-AF48-2197F798820C}.AppStore|ARM.Build.0 = Debug|Any CPU
		{66CBE6FA-B03E-4C23-AF48-2197F798820C}.AppStore|ARM.Deploy.0 = Debug|Any CPU
		{66CBE6FA-B03E-4C23-AF48-2197F798820C}.AppStore|iPhone.ActiveCfg = Debug|Any CPU
		{66CBE6FA-B03E-4C23-AF48-2197F798820C}.AppStore|iPhone.Build.0 = Debug|Any CPU
		{66CBE6FA-B03E-4C23-AF48-2197F798820C}.AppStore|iPhone.Deploy.0 = Debug|Any CPU
		{66CBE6FA-B03E-4C23-AF48-2197F798820C}.AppStore|iPhoneSimulator.ActiveCfg = Debug|Any CPU
		{66CBE6FA-B03E-4C23-AF48-2197F798820C}.AppStore|iPhoneSimulator.Build.0 = Debug|Any CPU
		{66CBE6FA-B03E-4C23-AF48-2197F798820C}.AppStore|iPhoneSimulator.Deploy.0 = Debug|Any CPU
		{66CBE6FA-B03E-4C23-AF48-2197F798820C}.AppStore|x64.ActiveCfg = Debug|Any CPU
		{66CBE6FA-B03E-4C23-AF48-2197F798820C}.AppStore|x64.Build.0 = Debug|Any CPU
		{66CBE6FA-B03E-4C23-AF48-2197F798820C}.AppStore|x64.Deploy.0 = Debug|Any CPU
		{66CBE6FA-B03E-4C23-AF48-2197F798820C}.AppStore|x86.ActiveCfg = Debug|Any CPU
		{66CBE6FA-B03E-4C23-AF48-2197F798820C}.AppStore|x86.Build.0 = Debug|Any CPU
		{66CBE6FA-B03E-4C23-AF48-2197F798820C}.AppStore|x86.Deploy.0 = Debug|Any CPU
		{66CBE6FA-B03E-4C23-AF48-2197F798820C}.Debug|Any CPU.ActiveCfg = Debug|Any CPU
		{66CBE6FA-B03E-4C23-AF48-2197F798820C}.Debug|Any CPU.Build.0 = Debug|Any CPU
		{66CBE6FA-B03E-4C23-AF48-2197F798820C}.Debug|Any CPU.Deploy.0 = Debug|Any CPU
		{66CBE6FA-B03E-4C23-AF48-2197F798820C}.Debug|ARM.ActiveCfg = Debug|Any CPU
		{66CBE6FA-B03E-4C23-AF48-2197F798820C}.Debug|ARM.Build.0 = Debug|Any CPU
		{66CBE6FA-B03E-4C23-AF48-2197F798820C}.Debug|ARM.Deploy.0 = Debug|Any CPU
		{66CBE6FA-B03E-4C23-AF48-2197F798820C}.Debug|iPhone.ActiveCfg = Debug|Any CPU
		{66CBE6FA-B03E-4C23-AF48-2197F798820C}.Debug|iPhone.Build.0 = Debug|Any CPU
		{66CBE6FA-B03E-4C23-AF48-2197F798820C}.Debug|iPhone.Deploy.0 = Debug|Any CPU
		{66CBE6FA-B03E-4C23-AF48-2197F798820C}.Debug|iPhoneSimulator.ActiveCfg = Debug|Any CPU
		{66CBE6FA-B03E-4C23-AF48-2197F798820C}.Debug|iPhoneSimulator.Build.0 = Debug|Any CPU
		{66CBE6FA-B03E-4C23-AF48-2197F798820C}.Debug|iPhoneSimulator.Deploy.0 = Debug|Any CPU
		{66CBE6FA-B03E-4C23-AF48-2197F798820C}.Debug|x64.ActiveCfg = Debug|Any CPU
		{66CBE6FA-B03E-4C23-AF48-2197F798820C}.Debug|x64.Build.0 = Debug|Any CPU
		{66CBE6FA-B03E-4C23-AF48-2197F798820C}.Debug|x64.Deploy.0 = Debug|Any CPU
		{66CBE6FA-B03E-4C23-AF48-2197F798820C}.Debug|x86.ActiveCfg = Debug|Any CPU
		{66CBE6FA-B03E-4C23-AF48-2197F798820C}.Debug|x86.Build.0 = Debug|Any CPU
		{66CBE6FA-B03E-4C23-AF48-2197F798820C}.Debug|x86.Deploy.0 = Debug|Any CPU
		{66CBE6FA-B03E-4C23-AF48-2197F798820C}.Release|Any CPU.ActiveCfg = Release|Any CPU
		{66CBE6FA-B03E-4C23-AF48-2197F798820C}.Release|Any CPU.Build.0 = Release|Any CPU
		{66CBE6FA-B03E-4C23-AF48-2197F798820C}.Release|Any CPU.Deploy.0 = Release|Any CPU
		{66CBE6FA-B03E-4C23-AF48-2197F798820C}.Release|ARM.ActiveCfg = Release|Any CPU
		{66CBE6FA-B03E-4C23-AF48-2197F798820C}.Release|ARM.Build.0 = Release|Any CPU
		{66CBE6FA-B03E-4C23-AF48-2197F798820C}.Release|ARM.Deploy.0 = Release|Any CPU
		{66CBE6FA-B03E-4C23-AF48-2197F798820C}.Release|iPhone.ActiveCfg = Release|Any CPU
		{66CBE6FA-B03E-4C23-AF48-2197F798820C}.Release|iPhone.Build.0 = Release|Any CPU
		{66CBE6FA-B03E-4C23-AF48-2197F798820C}.Release|iPhone.Deploy.0 = Release|Any CPU
		{66CBE6FA-B03E-4C23-AF48-2197F798820C}.Release|iPhoneSimulator.ActiveCfg = Release|Any CPU
		{66CBE6FA-B03E-4C23-AF48-2197F798820C}.Release|iPhoneSimulator.Build.0 = Release|Any CPU
		{66CBE6FA-B03E-4C23-AF48-2197F798820C}.Release|iPhoneSimulator.Deploy.0 = Release|Any CPU
		{66CBE6FA-B03E-4C23-AF48-2197F798820C}.Release|x64.ActiveCfg = Release|Any CPU
		{66CBE6FA-B03E-4C23-AF48-2197F798820C}.Release|x64.Build.0 = Release|Any CPU
		{66CBE6FA-B03E-4C23-AF48-2197F798820C}.Release|x64.Deploy.0 = Release|Any CPU
		{66CBE6FA-B03E-4C23-AF48-2197F798820C}.Release|x86.ActiveCfg = Release|Any CPU
		{66CBE6FA-B03E-4C23-AF48-2197F798820C}.Release|x86.Build.0 = Release|Any CPU
		{66CBE6FA-B03E-4C23-AF48-2197F798820C}.Release|x86.Deploy.0 = Release|Any CPU
		{E8E362C4-B0A4-4FAC-B9E8-DCA1400879D5}.Ad-Hoc|Any CPU.ActiveCfg = Release|Any CPU
		{E8E362C4-B0A4-4FAC-B9E8-DCA1400879D5}.Ad-Hoc|Any CPU.Build.0 = Release|Any CPU
		{E8E362C4-B0A4-4FAC-B9E8-DCA1400879D5}.Ad-Hoc|ARM.ActiveCfg = Release|Any CPU
		{E8E362C4-B0A4-4FAC-B9E8-DCA1400879D5}.Ad-Hoc|ARM.Build.0 = Release|Any CPU
		{E8E362C4-B0A4-4FAC-B9E8-DCA1400879D5}.Ad-Hoc|iPhone.ActiveCfg = Release|Any CPU
		{E8E362C4-B0A4-4FAC-B9E8-DCA1400879D5}.Ad-Hoc|iPhone.Build.0 = Release|Any CPU
		{E8E362C4-B0A4-4FAC-B9E8-DCA1400879D5}.Ad-Hoc|iPhoneSimulator.ActiveCfg = Release|Any CPU
		{E8E362C4-B0A4-4FAC-B9E8-DCA1400879D5}.Ad-Hoc|iPhoneSimulator.Build.0 = Release|Any CPU
		{E8E362C4-B0A4-4FAC-B9E8-DCA1400879D5}.Ad-Hoc|x64.ActiveCfg = Release|Any CPU
		{E8E362C4-B0A4-4FAC-B9E8-DCA1400879D5}.Ad-Hoc|x64.Build.0 = Release|Any CPU
		{E8E362C4-B0A4-4FAC-B9E8-DCA1400879D5}.Ad-Hoc|x86.ActiveCfg = Release|Any CPU
		{E8E362C4-B0A4-4FAC-B9E8-DCA1400879D5}.Ad-Hoc|x86.Build.0 = Release|Any CPU
		{E8E362C4-B0A4-4FAC-B9E8-DCA1400879D5}.AppStore|Any CPU.ActiveCfg = Release|Any CPU
		{E8E362C4-B0A4-4FAC-B9E8-DCA1400879D5}.AppStore|Any CPU.Build.0 = Release|Any CPU
		{E8E362C4-B0A4-4FAC-B9E8-DCA1400879D5}.AppStore|ARM.ActiveCfg = Release|Any CPU
		{E8E362C4-B0A4-4FAC-B9E8-DCA1400879D5}.AppStore|ARM.Build.0 = Release|Any CPU
		{E8E362C4-B0A4-4FAC-B9E8-DCA1400879D5}.AppStore|iPhone.ActiveCfg = Release|Any CPU
		{E8E362C4-B0A4-4FAC-B9E8-DCA1400879D5}.AppStore|iPhone.Build.0 = Release|Any CPU
		{E8E362C4-B0A4-4FAC-B9E8-DCA1400879D5}.AppStore|iPhoneSimulator.ActiveCfg = Release|Any CPU
		{E8E362C4-B0A4-4FAC-B9E8-DCA1400879D5}.AppStore|iPhoneSimulator.Build.0 = Release|Any CPU
		{E8E362C4-B0A4-4FAC-B9E8-DCA1400879D5}.AppStore|x64.ActiveCfg = Release|Any CPU
		{E8E362C4-B0A4-4FAC-B9E8-DCA1400879D5}.AppStore|x64.Build.0 = Release|Any CPU
		{E8E362C4-B0A4-4FAC-B9E8-DCA1400879D5}.AppStore|x86.ActiveCfg = Release|Any CPU
		{E8E362C4-B0A4-4FAC-B9E8-DCA1400879D5}.AppStore|x86.Build.0 = Release|Any CPU
		{E8E362C4-B0A4-4FAC-B9E8-DCA1400879D5}.Debug|Any CPU.ActiveCfg = Debug|Any CPU
		{E8E362C4-B0A4-4FAC-B9E8-DCA1400879D5}.Debug|Any CPU.Build.0 = Debug|Any CPU
		{E8E362C4-B0A4-4FAC-B9E8-DCA1400879D5}.Debug|ARM.ActiveCfg = Debug|Any CPU
		{E8E362C4-B0A4-4FAC-B9E8-DCA1400879D5}.Debug|ARM.Build.0 = Debug|Any CPU
		{E8E362C4-B0A4-4FAC-B9E8-DCA1400879D5}.Debug|iPhone.ActiveCfg = Debug|Any CPU
		{E8E362C4-B0A4-4FAC-B9E8-DCA1400879D5}.Debug|iPhone.Build.0 = Debug|Any CPU
		{E8E362C4-B0A4-4FAC-B9E8-DCA1400879D5}.Debug|iPhoneSimulator.ActiveCfg = Debug|Any CPU
		{E8E362C4-B0A4-4FAC-B9E8-DCA1400879D5}.Debug|iPhoneSimulator.Build.0 = Debug|Any CPU
		{E8E362C4-B0A4-4FAC-B9E8-DCA1400879D5}.Debug|x64.ActiveCfg = Debug|Any CPU
		{E8E362C4-B0A4-4FAC-B9E8-DCA1400879D5}.Debug|x64.Build.0 = Debug|Any CPU
		{E8E362C4-B0A4-4FAC-B9E8-DCA1400879D5}.Debug|x86.ActiveCfg = Debug|Any CPU
		{E8E362C4-B0A4-4FAC-B9E8-DCA1400879D5}.Debug|x86.Build.0 = Debug|Any CPU
		{E8E362C4-B0A4-4FAC-B9E8-DCA1400879D5}.Release|Any CPU.ActiveCfg = Release|Any CPU
		{E8E362C4-B0A4-4FAC-B9E8-DCA1400879D5}.Release|Any CPU.Build.0 = Release|Any CPU
		{E8E362C4-B0A4-4FAC-B9E8-DCA1400879D5}.Release|ARM.ActiveCfg = Release|Any CPU
		{E8E362C4-B0A4-4FAC-B9E8-DCA1400879D5}.Release|ARM.Build.0 = Release|Any CPU
		{E8E362C4-B0A4-4FAC-B9E8-DCA1400879D5}.Release|iPhone.ActiveCfg = Release|Any CPU
		{E8E362C4-B0A4-4FAC-B9E8-DCA1400879D5}.Release|iPhone.Build.0 = Release|Any CPU
		{E8E362C4-B0A4-4FAC-B9E8-DCA1400879D5}.Release|iPhoneSimulator.ActiveCfg = Release|Any CPU
		{E8E362C4-B0A4-4FAC-B9E8-DCA1400879D5}.Release|iPhoneSimulator.Build.0 = Release|Any CPU
		{E8E362C4-B0A4-4FAC-B9E8-DCA1400879D5}.Release|x64.ActiveCfg = Release|Any CPU
		{E8E362C4-B0A4-4FAC-B9E8-DCA1400879D5}.Release|x64.Build.0 = Release|Any CPU
		{E8E362C4-B0A4-4FAC-B9E8-DCA1400879D5}.Release|x86.ActiveCfg = Release|Any CPU
		{E8E362C4-B0A4-4FAC-B9E8-DCA1400879D5}.Release|x86.Build.0 = Release|Any CPU
		{5AC97C8E-0380-40C5-B140-0F6D576546C6}.Ad-Hoc|Any CPU.ActiveCfg = Release|Any CPU
		{5AC97C8E-0380-40C5-B140-0F6D576546C6}.Ad-Hoc|Any CPU.Build.0 = Release|Any CPU
		{5AC97C8E-0380-40C5-B140-0F6D576546C6}.Ad-Hoc|ARM.ActiveCfg = Release|Any CPU
		{5AC97C8E-0380-40C5-B140-0F6D576546C6}.Ad-Hoc|ARM.Build.0 = Release|Any CPU
		{5AC97C8E-0380-40C5-B140-0F6D576546C6}.Ad-Hoc|iPhone.ActiveCfg = Release|Any CPU
		{5AC97C8E-0380-40C5-B140-0F6D576546C6}.Ad-Hoc|iPhone.Build.0 = Release|Any CPU
		{5AC97C8E-0380-40C5-B140-0F6D576546C6}.Ad-Hoc|iPhoneSimulator.ActiveCfg = Release|Any CPU
		{5AC97C8E-0380-40C5-B140-0F6D576546C6}.Ad-Hoc|iPhoneSimulator.Build.0 = Release|Any CPU
		{5AC97C8E-0380-40C5-B140-0F6D576546C6}.Ad-Hoc|x64.ActiveCfg = Release|Any CPU
		{5AC97C8E-0380-40C5-B140-0F6D576546C6}.Ad-Hoc|x64.Build.0 = Release|Any CPU
		{5AC97C8E-0380-40C5-B140-0F6D576546C6}.Ad-Hoc|x86.ActiveCfg = Release|Any CPU
		{5AC97C8E-0380-40C5-B140-0F6D576546C6}.Ad-Hoc|x86.Build.0 = Release|Any CPU
		{5AC97C8E-0380-40C5-B140-0F6D576546C6}.AppStore|Any CPU.ActiveCfg = Release|Any CPU
		{5AC97C8E-0380-40C5-B140-0F6D576546C6}.AppStore|Any CPU.Build.0 = Release|Any CPU
		{5AC97C8E-0380-40C5-B140-0F6D576546C6}.AppStore|ARM.ActiveCfg = Release|Any CPU
		{5AC97C8E-0380-40C5-B140-0F6D576546C6}.AppStore|ARM.Build.0 = Release|Any CPU
		{5AC97C8E-0380-40C5-B140-0F6D576546C6}.AppStore|iPhone.ActiveCfg = Release|Any CPU
		{5AC97C8E-0380-40C5-B140-0F6D576546C6}.AppStore|iPhone.Build.0 = Release|Any CPU
		{5AC97C8E-0380-40C5-B140-0F6D576546C6}.AppStore|iPhoneSimulator.ActiveCfg = Release|Any CPU
		{5AC97C8E-0380-40C5-B140-0F6D576546C6}.AppStore|iPhoneSimulator.Build.0 = Release|Any CPU
		{5AC97C8E-0380-40C5-B140-0F6D576546C6}.AppStore|x64.ActiveCfg = Release|Any CPU
		{5AC97C8E-0380-40C5-B140-0F6D576546C6}.AppStore|x64.Build.0 = Release|Any CPU
		{5AC97C8E-0380-40C5-B140-0F6D576546C6}.AppStore|x86.ActiveCfg = Release|Any CPU
		{5AC97C8E-0380-40C5-B140-0F6D576546C6}.AppStore|x86.Build.0 = Release|Any CPU
		{5AC97C8E-0380-40C5-B140-0F6D576546C6}.Debug|Any CPU.ActiveCfg = Debug|Any CPU
		{5AC97C8E-0380-40C5-B140-0F6D576546C6}.Debug|Any CPU.Build.0 = Debug|Any CPU
		{5AC97C8E-0380-40C5-B140-0F6D576546C6}.Debug|ARM.ActiveCfg = Debug|Any CPU
		{5AC97C8E-0380-40C5-B140-0F6D576546C6}.Debug|ARM.Build.0 = Debug|Any CPU
		{5AC97C8E-0380-40C5-B140-0F6D576546C6}.Debug|iPhone.ActiveCfg = Debug|Any CPU
		{5AC97C8E-0380-40C5-B140-0F6D576546C6}.Debug|iPhone.Build.0 = Debug|Any CPU
		{5AC97C8E-0380-40C5-B140-0F6D576546C6}.Debug|iPhoneSimulator.ActiveCfg = Debug|Any CPU
		{5AC97C8E-0380-40C5-B140-0F6D576546C6}.Debug|iPhoneSimulator.Build.0 = Debug|Any CPU
		{5AC97C8E-0380-40C5-B140-0F6D576546C6}.Debug|x64.ActiveCfg = Debug|Any CPU
		{5AC97C8E-0380-40C5-B140-0F6D576546C6}.Debug|x64.Build.0 = Debug|Any CPU
		{5AC97C8E-0380-40C5-B140-0F6D576546C6}.Debug|x86.ActiveCfg = Debug|Any CPU
		{5AC97C8E-0380-40C5-B140-0F6D576546C6}.Debug|x86.Build.0 = Debug|Any CPU
		{5AC97C8E-0380-40C5-B140-0F6D576546C6}.Release|Any CPU.ActiveCfg = Release|Any CPU
		{5AC97C8E-0380-40C5-B140-0F6D576546C6}.Release|Any CPU.Build.0 = Release|Any CPU
		{5AC97C8E-0380-40C5-B140-0F6D576546C6}.Release|ARM.ActiveCfg = Release|Any CPU
		{5AC97C8E-0380-40C5-B140-0F6D576546C6}.Release|ARM.Build.0 = Release|Any CPU
		{5AC97C8E-0380-40C5-B140-0F6D576546C6}.Release|iPhone.ActiveCfg = Release|Any CPU
		{5AC97C8E-0380-40C5-B140-0F6D576546C6}.Release|iPhone.Build.0 = Release|Any CPU
		{5AC97C8E-0380-40C5-B140-0F6D576546C6}.Release|iPhoneSimulator.ActiveCfg = Release|Any CPU
		{5AC97C8E-0380-40C5-B140-0F6D576546C6}.Release|iPhoneSimulator.Build.0 = Release|Any CPU
		{5AC97C8E-0380-40C5-B140-0F6D576546C6}.Release|x64.ActiveCfg = Release|Any CPU
		{5AC97C8E-0380-40C5-B140-0F6D576546C6}.Release|x64.Build.0 = Release|Any CPU
		{5AC97C8E-0380-40C5-B140-0F6D576546C6}.Release|x86.ActiveCfg = Release|Any CPU
		{5AC97C8E-0380-40C5-B140-0F6D576546C6}.Release|x86.Build.0 = Release|Any CPU
		{0EC62BDB-06D2-43D7-8DE2-D3B7140D424D}.Ad-Hoc|Any CPU.ActiveCfg = Release|Any CPU
		{0EC62BDB-06D2-43D7-8DE2-D3B7140D424D}.Ad-Hoc|Any CPU.Build.0 = Release|Any CPU
		{0EC62BDB-06D2-43D7-8DE2-D3B7140D424D}.Ad-Hoc|ARM.ActiveCfg = Release|Any CPU
		{0EC62BDB-06D2-43D7-8DE2-D3B7140D424D}.Ad-Hoc|ARM.Build.0 = Release|Any CPU
		{0EC62BDB-06D2-43D7-8DE2-D3B7140D424D}.Ad-Hoc|iPhone.ActiveCfg = Release|Any CPU
		{0EC62BDB-06D2-43D7-8DE2-D3B7140D424D}.Ad-Hoc|iPhone.Build.0 = Release|Any CPU
		{0EC62BDB-06D2-43D7-8DE2-D3B7140D424D}.Ad-Hoc|iPhoneSimulator.ActiveCfg = Release|Any CPU
		{0EC62BDB-06D2-43D7-8DE2-D3B7140D424D}.Ad-Hoc|iPhoneSimulator.Build.0 = Release|Any CPU
		{0EC62BDB-06D2-43D7-8DE2-D3B7140D424D}.Ad-Hoc|x64.ActiveCfg = Release|Any CPU
		{0EC62BDB-06D2-43D7-8DE2-D3B7140D424D}.Ad-Hoc|x64.Build.0 = Release|Any CPU
		{0EC62BDB-06D2-43D7-8DE2-D3B7140D424D}.Ad-Hoc|x86.ActiveCfg = Release|Any CPU
		{0EC62BDB-06D2-43D7-8DE2-D3B7140D424D}.Ad-Hoc|x86.Build.0 = Release|Any CPU
		{0EC62BDB-06D2-43D7-8DE2-D3B7140D424D}.AppStore|Any CPU.ActiveCfg = Release|Any CPU
		{0EC62BDB-06D2-43D7-8DE2-D3B7140D424D}.AppStore|Any CPU.Build.0 = Release|Any CPU
		{0EC62BDB-06D2-43D7-8DE2-D3B7140D424D}.AppStore|ARM.ActiveCfg = Release|Any CPU
		{0EC62BDB-06D2-43D7-8DE2-D3B7140D424D}.AppStore|ARM.Build.0 = Release|Any CPU
		{0EC62BDB-06D2-43D7-8DE2-D3B7140D424D}.AppStore|iPhone.ActiveCfg = Release|Any CPU
		{0EC62BDB-06D2-43D7-8DE2-D3B7140D424D}.AppStore|iPhone.Build.0 = Release|Any CPU
		{0EC62BDB-06D2-43D7-8DE2-D3B7140D424D}.AppStore|iPhoneSimulator.ActiveCfg = Release|Any CPU
		{0EC62BDB-06D2-43D7-8DE2-D3B7140D424D}.AppStore|iPhoneSimulator.Build.0 = Release|Any CPU
		{0EC62BDB-06D2-43D7-8DE2-D3B7140D424D}.AppStore|x64.ActiveCfg = Release|Any CPU
		{0EC62BDB-06D2-43D7-8DE2-D3B7140D424D}.AppStore|x64.Build.0 = Release|Any CPU
		{0EC62BDB-06D2-43D7-8DE2-D3B7140D424D}.AppStore|x86.ActiveCfg = Release|Any CPU
		{0EC62BDB-06D2-43D7-8DE2-D3B7140D424D}.AppStore|x86.Build.0 = Release|Any CPU
		{0EC62BDB-06D2-43D7-8DE2-D3B7140D424D}.Debug|Any CPU.ActiveCfg = Debug|Any CPU
		{0EC62BDB-06D2-43D7-8DE2-D3B7140D424D}.Debug|Any CPU.Build.0 = Debug|Any CPU
		{0EC62BDB-06D2-43D7-8DE2-D3B7140D424D}.Debug|ARM.ActiveCfg = Debug|Any CPU
		{0EC62BDB-06D2-43D7-8DE2-D3B7140D424D}.Debug|ARM.Build.0 = Debug|Any CPU
		{0EC62BDB-06D2-43D7-8DE2-D3B7140D424D}.Debug|iPhone.ActiveCfg = Debug|Any CPU
		{0EC62BDB-06D2-43D7-8DE2-D3B7140D424D}.Debug|iPhone.Build.0 = Debug|Any CPU
		{0EC62BDB-06D2-43D7-8DE2-D3B7140D424D}.Debug|iPhoneSimulator.ActiveCfg = Debug|Any CPU
		{0EC62BDB-06D2-43D7-8DE2-D3B7140D424D}.Debug|iPhoneSimulator.Build.0 = Debug|Any CPU
		{0EC62BDB-06D2-43D7-8DE2-D3B7140D424D}.Debug|x64.ActiveCfg = Debug|Any CPU
		{0EC62BDB-06D2-43D7-8DE2-D3B7140D424D}.Debug|x64.Build.0 = Debug|Any CPU
		{0EC62BDB-06D2-43D7-8DE2-D3B7140D424D}.Debug|x86.ActiveCfg = Debug|Any CPU
		{0EC62BDB-06D2-43D7-8DE2-D3B7140D424D}.Debug|x86.Build.0 = Debug|Any CPU
		{0EC62BDB-06D2-43D7-8DE2-D3B7140D424D}.Release|Any CPU.ActiveCfg = Release|Any CPU
		{0EC62BDB-06D2-43D7-8DE2-D3B7140D424D}.Release|Any CPU.Build.0 = Release|Any CPU
		{0EC62BDB-06D2-43D7-8DE2-D3B7140D424D}.Release|ARM.ActiveCfg = Release|Any CPU
		{0EC62BDB-06D2-43D7-8DE2-D3B7140D424D}.Release|ARM.Build.0 = Release|Any CPU
		{0EC62BDB-06D2-43D7-8DE2-D3B7140D424D}.Release|iPhone.ActiveCfg = Release|Any CPU
		{0EC62BDB-06D2-43D7-8DE2-D3B7140D424D}.Release|iPhone.Build.0 = Release|Any CPU
		{0EC62BDB-06D2-43D7-8DE2-D3B7140D424D}.Release|iPhoneSimulator.ActiveCfg = Release|Any CPU
		{0EC62BDB-06D2-43D7-8DE2-D3B7140D424D}.Release|iPhoneSimulator.Build.0 = Release|Any CPU
		{0EC62BDB-06D2-43D7-8DE2-D3B7140D424D}.Release|x64.ActiveCfg = Release|Any CPU
		{0EC62BDB-06D2-43D7-8DE2-D3B7140D424D}.Release|x64.Build.0 = Release|Any CPU
		{0EC62BDB-06D2-43D7-8DE2-D3B7140D424D}.Release|x86.ActiveCfg = Release|Any CPU
		{0EC62BDB-06D2-43D7-8DE2-D3B7140D424D}.Release|x86.Build.0 = Release|Any CPU
		{346858C7-1479-45D1-B4D1-A5D06D86E4EB}.Ad-Hoc|Any CPU.ActiveCfg = Release|Any CPU
		{346858C7-1479-45D1-B4D1-A5D06D86E4EB}.Ad-Hoc|Any CPU.Build.0 = Release|Any CPU
		{346858C7-1479-45D1-B4D1-A5D06D86E4EB}.Ad-Hoc|ARM.ActiveCfg = Release|Any CPU
		{346858C7-1479-45D1-B4D1-A5D06D86E4EB}.Ad-Hoc|ARM.Build.0 = Release|Any CPU
		{346858C7-1479-45D1-B4D1-A5D06D86E4EB}.Ad-Hoc|iPhone.ActiveCfg = Release|Any CPU
		{346858C7-1479-45D1-B4D1-A5D06D86E4EB}.Ad-Hoc|iPhone.Build.0 = Release|Any CPU
		{346858C7-1479-45D1-B4D1-A5D06D86E4EB}.Ad-Hoc|iPhoneSimulator.ActiveCfg = Release|Any CPU
		{346858C7-1479-45D1-B4D1-A5D06D86E4EB}.Ad-Hoc|iPhoneSimulator.Build.0 = Release|Any CPU
		{346858C7-1479-45D1-B4D1-A5D06D86E4EB}.Ad-Hoc|x64.ActiveCfg = Release|Any CPU
		{346858C7-1479-45D1-B4D1-A5D06D86E4EB}.Ad-Hoc|x64.Build.0 = Release|Any CPU
		{346858C7-1479-45D1-B4D1-A5D06D86E4EB}.Ad-Hoc|x86.ActiveCfg = Release|Any CPU
		{346858C7-1479-45D1-B4D1-A5D06D86E4EB}.Ad-Hoc|x86.Build.0 = Release|Any CPU
		{346858C7-1479-45D1-B4D1-A5D06D86E4EB}.AppStore|Any CPU.ActiveCfg = Release|Any CPU
		{346858C7-1479-45D1-B4D1-A5D06D86E4EB}.AppStore|Any CPU.Build.0 = Release|Any CPU
		{346858C7-1479-45D1-B4D1-A5D06D86E4EB}.AppStore|ARM.ActiveCfg = Release|Any CPU
		{346858C7-1479-45D1-B4D1-A5D06D86E4EB}.AppStore|ARM.Build.0 = Release|Any CPU
		{346858C7-1479-45D1-B4D1-A5D06D86E4EB}.AppStore|iPhone.ActiveCfg = Release|Any CPU
		{346858C7-1479-45D1-B4D1-A5D06D86E4EB}.AppStore|iPhone.Build.0 = Release|Any CPU
		{346858C7-1479-45D1-B4D1-A5D06D86E4EB}.AppStore|iPhoneSimulator.ActiveCfg = Release|Any CPU
		{346858C7-1479-45D1-B4D1-A5D06D86E4EB}.AppStore|iPhoneSimulator.Build.0 = Release|Any CPU
		{346858C7-1479-45D1-B4D1-A5D06D86E4EB}.AppStore|x64.ActiveCfg = Release|Any CPU
		{346858C7-1479-45D1-B4D1-A5D06D86E4EB}.AppStore|x64.Build.0 = Release|Any CPU
		{346858C7-1479-45D1-B4D1-A5D06D86E4EB}.AppStore|x86.ActiveCfg = Release|Any CPU
		{346858C7-1479-45D1-B4D1-A5D06D86E4EB}.AppStore|x86.Build.0 = Release|Any CPU
		{346858C7-1479-45D1-B4D1-A5D06D86E4EB}.Debug|Any CPU.ActiveCfg = Debug|Any CPU
		{346858C7-1479-45D1-B4D1-A5D06D86E4EB}.Debug|Any CPU.Build.0 = Debug|Any CPU
		{346858C7-1479-45D1-B4D1-A5D06D86E4EB}.Debug|ARM.ActiveCfg = Debug|Any CPU
		{346858C7-1479-45D1-B4D1-A5D06D86E4EB}.Debug|ARM.Build.0 = Debug|Any CPU
		{346858C7-1479-45D1-B4D1-A5D06D86E4EB}.Debug|iPhone.ActiveCfg = Debug|Any CPU
		{346858C7-1479-45D1-B4D1-A5D06D86E4EB}.Debug|iPhone.Build.0 = Debug|Any CPU
		{346858C7-1479-45D1-B4D1-A5D06D86E4EB}.Debug|iPhoneSimulator.ActiveCfg = Debug|Any CPU
		{346858C7-1479-45D1-B4D1-A5D06D86E4EB}.Debug|iPhoneSimulator.Build.0 = Debug|Any CPU
		{346858C7-1479-45D1-B4D1-A5D06D86E4EB}.Debug|x64.ActiveCfg = Debug|Any CPU
		{346858C7-1479-45D1-B4D1-A5D06D86E4EB}.Debug|x64.Build.0 = Debug|Any CPU
		{346858C7-1479-45D1-B4D1-A5D06D86E4EB}.Debug|x86.ActiveCfg = Debug|Any CPU
		{346858C7-1479-45D1-B4D1-A5D06D86E4EB}.Debug|x86.Build.0 = Debug|Any CPU
		{346858C7-1479-45D1-B4D1-A5D06D86E4EB}.Release|Any CPU.ActiveCfg = Release|Any CPU
		{346858C7-1479-45D1-B4D1-A5D06D86E4EB}.Release|Any CPU.Build.0 = Release|Any CPU
		{346858C7-1479-45D1-B4D1-A5D06D86E4EB}.Release|ARM.ActiveCfg = Release|Any CPU
		{346858C7-1479-45D1-B4D1-A5D06D86E4EB}.Release|ARM.Build.0 = Release|Any CPU
		{346858C7-1479-45D1-B4D1-A5D06D86E4EB}.Release|iPhone.ActiveCfg = Release|Any CPU
		{346858C7-1479-45D1-B4D1-A5D06D86E4EB}.Release|iPhone.Build.0 = Release|Any CPU
		{346858C7-1479-45D1-B4D1-A5D06D86E4EB}.Release|iPhoneSimulator.ActiveCfg = Release|Any CPU
		{346858C7-1479-45D1-B4D1-A5D06D86E4EB}.Release|iPhoneSimulator.Build.0 = Release|Any CPU
		{346858C7-1479-45D1-B4D1-A5D06D86E4EB}.Release|x64.ActiveCfg = Release|Any CPU
		{346858C7-1479-45D1-B4D1-A5D06D86E4EB}.Release|x64.Build.0 = Release|Any CPU
		{346858C7-1479-45D1-B4D1-A5D06D86E4EB}.Release|x86.ActiveCfg = Release|Any CPU
		{346858C7-1479-45D1-B4D1-A5D06D86E4EB}.Release|x86.Build.0 = Release|Any CPU
	EndGlobalSection
	GlobalSection(SolutionProperties) = preSolution
		HideSolutionNode = FALSE
	EndGlobalSection
	GlobalSection(ExtensibilityGlobals) = postSolution
		SolutionGuid = {F4C25D29-E96B-40AA-9144-B127DECFFE34}
	EndGlobalSection
EndGlobal
